{
  "originHash" : "8fa7a6917e20732b51218532b4cf83be15ab1481c3d0e603c80432023b5c713a",
  "pins" : [
    {
      "identity" : "swiftpm-azurecommunicationchat",
      "kind" : "remoteSourceControl",
      "location" : "https://github.com/Azure/SwiftPM-AzureCommunicationChat.git",
      "state" : {
        "revision" : "f368c89f007aeffebb860decdd5dd1269587e19f",
        "version" : "1.3.7"
      }
    },
    {
      "identity" : "swiftpm-azurecommunicationcommon",
      "kind" : "remoteSourceControl",
      "location" : "https://github.com/Azure/SwiftPM-AzureCommunicationCommon.git",
      "state" : {
        "revision" : "f2afece502a7428ddb9e26a7f51e81f688ce7b5b",
        "version" : "1.3.0"
      }
    },
    {
      "identity" : "swiftpm-azurecore",
      "kind" : "remoteSourceControl",
      "location" : "https://github.com/Azure/SwiftPM-AzureCore.git",
      "state" : {
        "revision" : "331e67288b97c865e08fb4a07e45c586df949a8e",
        "version" : "1.0.0-beta.16"
      }
    },
    {
      "identity" : "trouter-client-ios",
      "kind" : "remoteSourceControl",
      "location" : "https://github.com/microsoft/trouter-client-ios.git",
      "state" : {
        "revision" : "cc4bfbf46b2ab40205a1f4449eab0bf79a1ac605",
        "version" : "0.2.0"
      }
    }
  ],
  "version" : 3
}
